
Microsoft Visual Studio Solution File, Format Version 12.00
# Visual Studio 15
VisualStudioVersion = 15.0.28010.2041
MinimumVisualStudioVersion = 10.0.40219.1
Project("{FAE04EC0-301F-11D3-BF4B-00C04F79EFBC}") = "WpfApp1", "WpfApp1\WpfApp1.csproj", "{1F062E2B-32ED-4B94-9C20-9E474B82D28E}"
EndProject
Global
	GlobalSection(SolutionConfigurationPlatforms) = preSolution
		Debug|Any CPU = Debug|Any CPU
		Release|Any CPU = Release|Any CPU
	EndGlobalSection
	GlobalSection(ProjectConfigurationPlatforms) = postSolution
		{1F062E2B-32ED-4B94-9C20-9E474B82D28E}.Debug|Any CPU.ActiveCfg = Debug|Any CPU
		{1F062E2B-32ED-4B94-9C20-9E474B82D28E}.Debug|Any CPU.Build.0 = Debug|Any CPU
		{1F062E2B-32ED-4B94-9C20-9E474B82D28E}.Release|Any CPU.ActiveCfg = Release|Any CPU
		{1F062E2B-32ED-4B94-9C20-9E474B82D28E}.Release|Any CPU.Build.0 = Release|Any CPU
	EndGlobalSection
	GlobalSection(SolutionProperties) = preSolution
		HideSolutionNode = FALSE
	EndGlobalSection
	GlobalSection(ExtensibilityGlobals) = postSolution
		SolutionGuid = {960D0516-CD27-4339-ACE4-B05A30AFBFAA}
	EndGlobalSection
EndGlobal
